{
  "name": "nano",
  "version": "11.0.0",
  "lockfileVersion": 3,
  "requires": true,
  "packages": {
    "": {
      "name": "nano",
      "version": "11.0.0",
      "license": "Apache-2.0",
      "devDependencies": {
        "@types/node": "^20.10.6",
        "typescript": "^5.3.3",
        "undici": "^6.2.1"
      },
      "engines": {
        "node": ">=18.0"
      }
    },
    "node_modules/@fastify/busboy": {
      "version": "2.1.0",
      "resolved": "https://registry.npmjs.org/@fastify/busboy/-/busboy-2.1.0.tgz",
      "integrity": "sha512-+KpH+QxZU7O4675t3mnkQKcZZg56u+K/Ct2K+N2AZYNVK8kyeo/bI18tI8aPm3tvNNRyTWfj6s5tnGNlcbQRsA==",
      "dev": true,
      "engines": {
        "node": ">=14"
      }
    },
    "node_modules/@types/node": {
      "version": "20.10.6",
      "resolved": "https://registry.npmjs.org/@types/node/-/node-20.10.6.tgz",
      "integrity": "sha512-Vac8H+NlRNNlAmDfGUP7b5h/KA+AtWIzuXy0E6OyP8f1tCLYAtPvKRRDJjAPqhpCb0t6U2j7/xqAuLEebW2kiw==",
      "dev": true,
      "dependencies": {
        "undici-types": "~5.26.4"
      }
    },
    "node_modules/typescript": {
      "version": "5.3.3",
      "resolved": "https://registry.npmjs.org/typescript/-/typescript-5.3.3.tgz",
      "integrity": "sha512-pXWcraxM0uxAS+tN0AG/BF2TyqmHO014Z070UsJ+pFvYuRSq8KH8DmWpnbXe0pEPDHXZV3FcAbJkijJ5oNEnWw==",
      "dev": true,
      "bin": {
        "tsc": "bin/tsc",
        "tsserver": "bin/tsserver"
      },
      "engines": {
        "node": ">=14.17"
      }
    },
    "node_modules/undici": {
      "version": "6.2.1",
      "resolved": "https://registry.npmjs.org/undici/-/undici-6.2.1.tgz",
      "integrity": "sha512-7Wa9thEM6/LMnnKtxJHlc8SrTlDmxqJecgz1iy8KlsN0/iskQXOQCuPkrZLXbElPaSw5slFFyKIKXyJ3UtbApw==",
      "dev": true,
      "dependencies": {
        "@fastify/busboy": "^2.0.0"
      },
      "engines": {
        "node": ">=18.0"
      }
    },
    "node_modules/undici-types": {
      "version": "5.26.5",
      "resolved": "https://registry.npmjs.org/undici-types/-/undici-types-5.26.5.tgz",
      "integrity": "sha512-JlCMO+ehdEIKqlFxk6IfVoAUVmgz7cU7zD/h9XZ0qzeosSHmUJVOzSQvvYSYWXkFXC+IfLKSIffhv0sVZup6pA==",
      "dev": true
    }
  }
}
