{
  "name": "nano",
  "version": "11.0.5",
  "lockfileVersion": 3,
  "requires": true,
  "packages": {
    "": {
      "name": "nano",
      "version": "11.0.5",
      "license": "Apache-2.0",
      "devDependencies": {
        "@types/node": "^25.5.0",
        "typescript": "^6.0.2",
        "undici": "^7.24.6"
      },
      "engines": {
        "node": ">=20.0"
      }
    },
    "node_modules/@types/node": {
      "version": "25.5.0",
      "resolved": "https://registry.npmjs.org/@types/node/-/node-25.5.0.tgz",
      "integrity": "sha512-jp2P3tQMSxWugkCUKLRPVUpGaL5MVFwF8RDuSRztfwgN1wmqJeMSbKlnEtQqU8UrhTmzEmZdu2I6v2dpp7XIxw==",
      "dev": true,
      "license": "MIT",
      "dependencies": {
        "undici-types": "~7.18.0"
      }
    },
    "node_modules/typescript": {
      "version": "6.0.2",
      "resolved": "https://registry.npmjs.org/typescript/-/typescript-6.0.2.tgz",
      "integrity": "sha512-bGdAIrZ0wiGDo5l8c++HWtbaNCWTS4UTv7RaTH/ThVIgjkveJt83m74bBHMJkuCbslY8ixgLBVZJIOiQlQTjfQ==",
      "dev": true,
      "license": "Apache-2.0",
      "bin": {
        "tsc": "bin/tsc",
        "tsserver": "bin/tsserver"
      },
      "engines": {
        "node": ">=14.17"
      }
    },
    "node_modules/undici": {
      "version": "7.24.6",
      "resolved": "https://registry.npmjs.org/undici/-/undici-7.24.6.tgz",
      "integrity": "sha512-Xi4agocCbRzt0yYMZGMA6ApD7gvtUFaxm4ZmeacWI4cZxaF6C+8I8QfofC20NAePiB/IcvZmzkJ7XPa471AEtA==",
      "dev": true,
      "license": "MIT",
      "engines": {
        "node": ">=20.18.1"
      }
    },
    "node_modules/undici-types": {
      "version": "7.18.2",
      "resolved": "https://registry.npmjs.org/undici-types/-/undici-types-7.18.2.tgz",
      "integrity": "sha512-AsuCzffGHJybSaRrmr5eHr81mwJU3kjw6M+uprWvCXiNeN9SOGwQ3Jn8jb8m3Z6izVgknn1R0FTCEAP2QrLY/w==",
      "dev": true,
      "license": "MIT"
    }
  }
}
